// !$*UTF8*$!
{
	archiveVersion = 1;
	classes = {
	};
	objectVersion = 46;
	objects = {

/* Begin PBXBuildFile section */
		A400CA2117F0D967001E0742 /* EntryViewController.m in Sources */ = {isa = PBXBuildFile; fileRef = A400CA2017F0D967001E0742 /* EntryViewController.m */; };
		A400CA2417F0DCD2001E0742 /* PlanListViewController.m in Sources */ = {isa = PBXBuildFile; fileRef = A400CA2317F0DCD2001E0742 /* PlanListViewController.m */; };
		A400CA2717F0DFC8001E0742 /* TrainingListViewController.m in Sources */ = {isa = PBXBuildFile; fileRef = A400CA2617F0DFC8001E0742 /* TrainingListViewController.m */; };
		A400CA2A17F0E13B001E0742 /* ProfileViewController.m in Sources */ = {isa = PBXBuildFile; fileRef = A400CA2917F0E13B001E0742 /* ProfileViewController.m */; };
		A400CA2D17F0E1D7001E0742 /* PhaseListViewController.m in Sources */ = {isa = PBXBuildFile; fileRef = A400CA2C17F0E1D6001E0742 /* PhaseListViewController.m */; };
		A4523C8A17C7CCA50047A5E1 /* UIKit.framework in Frameworks */ = {isa = PBXBuildFile; fileRef = A4523C8917C7CCA50047A5E1 /* UIKit.framework */; };
		A4523C8C17C7CCA50047A5E1 /* Foundation.framework in Frameworks */ = {isa = PBXBuildFile; fileRef = A4523C8B17C7CCA50047A5E1 /* Foundation.framework */; };
		A4523C8E17C7CCA50047A5E1 /* CoreGraphics.framework in Frameworks */ = {isa = PBXBuildFile; fileRef = A4523C8D17C7CCA50047A5E1 /* CoreGraphics.framework */; };
		A4523C9417C7CCA50047A5E1 /* InfoPlist.strings in Resources */ = {isa = PBXBuildFile; fileRef = A4523C9217C7CCA50047A5E1 /* InfoPlist.strings */; };
		A4523C9617C7CCA60047A5E1 /* main.m in Sources */ = {isa = PBXBuildFile; fileRef = A4523C9517C7CCA50047A5E1 /* main.m */; };
		A4523C9A17C7CCA60047A5E1 /* AppDelegate.m in Sources */ = {isa = PBXBuildFile; fileRef = A4523C9917C7CCA60047A5E1 /* AppDelegate.m */; };
		A4523C9C17C7CCA60047A5E1 /* Default.png in Resources */ = {isa = PBXBuildFile; fileRef = A4523C9B17C7CCA60047A5E1 /* Default.png */; };
		A4523C9E17C7CCA60047A5E1 /* Default@2x.png in Resources */ = {isa = PBXBuildFile; fileRef = A4523C9D17C7CCA60047A5E1 /* Default@2x.png */; };
		A4523CA017C7CCA60047A5E1 /* Default-568h@2x.png in Resources */ = {isa = PBXBuildFile; fileRef = A4523C9F17C7CCA60047A5E1 /* Default-568h@2x.png */; };
		A4523CA317C7CCA60047A5E1 /* MainStoryboard.storyboard in Resources */ = {isa = PBXBuildFile; fileRef = A4523CA117C7CCA60047A5E1 /* MainStoryboard.storyboard */; };
		A4523CA617C7CCA60047A5E1 /* ViewController.m in Sources */ = {isa = PBXBuildFile; fileRef = A4523CA517C7CCA60047A5E1 /* ViewController.m */; };
		A4523CAE17C7CCA60047A5E1 /* SenTestingKit.framework in Frameworks */ = {isa = PBXBuildFile; fileRef = A4523CAD17C7CCA60047A5E1 /* SenTestingKit.framework */; };
		A4523CAF17C7CCA60047A5E1 /* UIKit.framework in Frameworks */ = {isa = PBXBuildFile; fileRef = A4523C8917C7CCA50047A5E1 /* UIKit.framework */; };
		A4523CB017C7CCA60047A5E1 /* Foundation.framework in Frameworks */ = {isa = PBXBuildFile; fileRef = A4523C8B17C7CCA50047A5E1 /* Foundation.framework */; };
		A4B6A0C117D3C83F00C8E43B /* GoogleMaps.framework in Frameworks */ = {isa = PBXBuildFile; fileRef = A4B6A0C017D3C83F00C8E43B /* GoogleMaps.framework */; };
		A4B6A0C317D3C8C500C8E43B /* GoogleMaps.bundle in Resources */ = {isa = PBXBuildFile; fileRef = A4B6A0C217D3C8C500C8E43B /* GoogleMaps.bundle */; };
		A4B6A0C517D3C90600C8E43B /* AVFoundation.framework in Frameworks */ = {isa = PBXBuildFile; fileRef = A4B6A0C417D3C90600C8E43B /* AVFoundation.framework */; };
		A4B6A0C717D3C90F00C8E43B /* CoreData.framework in Frameworks */ = {isa = PBXBuildFile; fileRef = A4B6A0C617D3C90F00C8E43B /* CoreData.framework */; };
		A4B6A0C917D3C91A00C8E43B /* CoreLocation.framework in Frameworks */ = {isa = PBXBuildFile; fileRef = A4B6A0C817D3C91A00C8E43B /* CoreLocation.framework */; };
		A4B6A0CB17D3C92200C8E43B /* CoreText.framework in Frameworks */ = {isa = PBXBuildFile; fileRef = A4B6A0CA17D3C92200C8E43B /* CoreText.framework */; };
		A4B6A0CD17D3C92C00C8E43B /* GLKit.framework in Frameworks */ = {isa = PBXBuildFile; fileRef = A4B6A0CC17D3C92C00C8E43B /* GLKit.framework */; };
		A4B6A0CF17D3C93600C8E43B /* ImageIO.framework in Frameworks */ = {isa = PBXBuildFile; fileRef = A4B6A0CE17D3C93600C8E43B /* ImageIO.framework */; };
		A4B6A0D117D3C94500C8E43B /* libc++.dylib in Frameworks */ = {isa = PBXBuildFile; fileRef = A4B6A0D017D3C94500C8E43B /* libc++.dylib */; };
		A4B6A0D317D3C95300C8E43B /* libicucore.dylib in Frameworks */ = {isa = PBXBuildFile; fileRef = A4B6A0D217D3C95300C8E43B /* libicucore.dylib */; };
		A4B6A0D517D3C95E00C8E43B /* libz.dylib in Frameworks */ = {isa = PBXBuildFile; fileRef = A4B6A0D417D3C95E00C8E43B /* libz.dylib */; };
		A4B6A0D717D3C96600C8E43B /* OpenGLES.framework in Frameworks */ = {isa = PBXBuildFile; fileRef = A4B6A0D617D3C96600C8E43B /* OpenGLES.framework */; };
		A4B6A0D917D3C97000C8E43B /* QuartzCore.framework in Frameworks */ = {isa = PBXBuildFile; fileRef = A4B6A0D817D3C97000C8E43B /* QuartzCore.framework */; };
		A4B6A0DB17D3C97A00C8E43B /* SystemConfiguration.framework in Frameworks */ = {isa = PBXBuildFile; fileRef = A4B6A0DA17D3C97A00C8E43B /* SystemConfiguration.framework */; };
		A4C24F6D17F240C400383993 /* Plan.m in Sources */ = {isa = PBXBuildFile; fileRef = A4C24F6C17F240C400383993 /* Plan.m */; };
		A4C24F7117F242A200383993 /* GoalPlan.m in Sources */ = {isa = PBXBuildFile; fileRef = A4C24F7017F242A200383993 /* GoalPlan.m */; };
		A4C24F7717F2475200383993 /* Person.m in Sources */ = {isa = PBXBuildFile; fileRef = A4C24F7617F2475200383993 /* Person.m */; };
		A4C24F7A17F2478300383993 /* GoalBasedPlanner.m in Sources */ = {isa = PBXBuildFile; fileRef = A4C24F7917F2478300383993 /* GoalBasedPlanner.m */; };
		A4C24F7D17F249A500383993 /* TrainingPhase.m in Sources */ = {isa = PBXBuildFile; fileRef = A4C24F7C17F249A500383993 /* TrainingPhase.m */; };
		A4C24F8317F24BB300383993 /* SpeedInterval.m in Sources */ = {isa = PBXBuildFile; fileRef = A4C24F8217F24BB300383993 /* SpeedInterval.m */; };
		A4C24F8617F24E8200383993 /* Training.m in Sources */ = {isa = PBXBuildFile; fileRef = A4C24F8517F24E8100383993 /* Training.m */; };
		A4C24F8917F2508B00383993 /* TrainingIterator.m in Sources */ = {isa = PBXBuildFile; fileRef = A4C24F8817F2508B00383993 /* TrainingIterator.m */; };
		A4DC6EE5180098A9003D7848 /* PersonProfile.m in Sources */ = {isa = PBXBuildFile; fileRef = A4DC6EE4180098A9003D7848 /* PersonProfile.m */; };
		A4DC6EE818009E0B003D7848 /* PersonDescription.m in Sources */ = {isa = PBXBuildFile; fileRef = A4DC6EE718009E0A003D7848 /* PersonDescription.m */; };
		A4DC6EEB1800B1CE003D7848 /* PhaseDetailViewController.m in Sources */ = {isa = PBXBuildFile; fileRef = A4DC6EEA1800B1CE003D7848 /* PhaseDetailViewController.m */; };
		A4DC6EEE1800BB8E003D7848 /* StateService.m in Sources */ = {isa = PBXBuildFile; fileRef = A4DC6EED1800BB8D003D7848 /* StateService.m */; };
		A4DC6EF11800BC54003D7848 /* Speedometer.m in Sources */ = {isa = PBXBuildFile; fileRef = A4DC6EF01800BC53003D7848 /* Speedometer.m */; };
		A4DC6EF41800BDDC003D7848 /* ConfiguratorMock.m in Sources */ = {isa = PBXBuildFile; fileRef = A4DC6EF31800BDDB003D7848 /* ConfiguratorMock.m */; };
		A4E200631801ED4800E44EDD /* LocationManager.m in Sources */ = {isa = PBXBuildFile; fileRef = A4E200621801ED4800E44EDD /* LocationManager.m */; };
		A4E200661801F6E100E44EDD /* FollowUp.m in Sources */ = {isa = PBXBuildFile; fileRef = A4E200651801F6E100E44EDD /* FollowUp.m */; };
		A4E200691801F85000E44EDD /* State.m in Sources */ = {isa = PBXBuildFile; fileRef = A4E200681801F85000E44EDD /* State.m */; };
		A4E2006C1801FB4A00E44EDD /* Timer.m in Sources */ = {isa = PBXBuildFile; fileRef = A4E2006B1801FB4A00E44EDD /* Timer.m */; };
/* End PBXBuildFile section */

/* Begin PBXContainerItemProxy section */
		A4523CB117C7CCA60047A5E1 /* PBXContainerItemProxy */ = {
			isa = PBXContainerItemProxy;
			containerPortal = A4523C7E17C7CCA50047A5E1 /* Project object */;
			proxyType = 1;
			remoteGlobalIDString = A4523C8517C7CCA50047A5E1;
			remoteInfo = "Corre por tu vida";
		};
/* End PBXContainerItemProxy section */

/* Begin PBXFileReference section */
		A400CA1F17F0D967001E0742 /* EntryViewController.h */ = {isa = PBXFileReference; fileEncoding = 4; lastKnownFileType = sourcecode.c.h; path = EntryViewController.h; sourceTree = "<group>"; };
		A400CA2017F0D967001E0742 /* EntryViewController.m */ = {isa = PBXFileReference; fileEncoding = 4; lastKnownFileType = sourcecode.c.objc; path = EntryViewController.m; sourceTree = "<group>"; };
		A400CA2217F0DCD2001E0742 /* PlanListViewController.h */ = {isa = PBXFileReference; fileEncoding = 4; lastKnownFileType = sourcecode.c.h; path = PlanListViewController.h; sourceTree = "<group>"; };
		A400CA2317F0DCD2001E0742 /* PlanListViewController.m */ = {isa = PBXFileReference; fileEncoding = 4; lastKnownFileType = sourcecode.c.objc; path = PlanListViewController.m; sourceTree = "<group>"; };
		A400CA2517F0DFC8001E0742 /* TrainingListViewController.h */ = {isa = PBXFileReference; fileEncoding = 4; lastKnownFileType = sourcecode.c.h; path = TrainingListViewController.h; sourceTree = "<group>"; };
		A400CA2617F0DFC8001E0742 /* TrainingListViewController.m */ = {isa = PBXFileReference; fileEncoding = 4; lastKnownFileType = sourcecode.c.objc; path = TrainingListViewController.m; sourceTree = "<group>"; };
		A400CA2817F0E13B001E0742 /* ProfileViewController.h */ = {isa = PBXFileReference; fileEncoding = 4; lastKnownFileType = sourcecode.c.h; path = ProfileViewController.h; sourceTree = "<group>"; };
		A400CA2917F0E13B001E0742 /* ProfileViewController.m */ = {isa = PBXFileReference; fileEncoding = 4; lastKnownFileType = sourcecode.c.objc; path = ProfileViewController.m; sourceTree = "<group>"; };
		A400CA2B17F0E1D6001E0742 /* PhaseListViewController.h */ = {isa = PBXFileReference; fileEncoding = 4; lastKnownFileType = sourcecode.c.h; path = PhaseListViewController.h; sourceTree = "<group>"; };
		A400CA2C17F0E1D6001E0742 /* PhaseListViewController.m */ = {isa = PBXFileReference; fileEncoding = 4; lastKnownFileType = sourcecode.c.objc; path = PhaseListViewController.m; sourceTree = "<group>"; };
		A4523C8617C7CCA50047A5E1 /* Corre por tu vida.app */ = {isa = PBXFileReference; explicitFileType = wrapper.application; includeInIndex = 0; path = "Corre por tu vida.app"; sourceTree = BUILT_PRODUCTS_DIR; };
		A4523C8917C7CCA50047A5E1 /* UIKit.framework */ = {isa = PBXFileReference; lastKnownFileType = wrapper.framework; name = UIKit.framework; path = System/Library/Frameworks/UIKit.framework; sourceTree = SDKROOT; };
		A4523C8B17C7CCA50047A5E1 /* Foundation.framework */ = {isa = PBXFileReference; lastKnownFileType = wrapper.framework; name = Foundation.framework; path = System/Library/Frameworks/Foundation.framework; sourceTree = SDKROOT; };
		A4523C8D17C7CCA50047A5E1 /* CoreGraphics.framework */ = {isa = PBXFileReference; lastKnownFileType = wrapper.framework; name = CoreGraphics.framework; path = System/Library/Frameworks/CoreGraphics.framework; sourceTree = SDKROOT; };
		A4523C9117C7CCA50047A5E1 /* Corre por tu vida-Info.plist */ = {isa = PBXFileReference; lastKnownFileType = text.plist.xml; path = "Corre por tu vida-Info.plist"; sourceTree = "<group>"; };
		A4523C9317C7CCA50047A5E1 /* en */ = {isa = PBXFileReference; lastKnownFileType = text.plist.strings; name = en; path = en.lproj/InfoPlist.strings; sourceTree = "<group>"; };
		A4523C9517C7CCA50047A5E1 /* main.m */ = {isa = PBXFileReference; lastKnownFileType = sourcecode.c.objc; path = main.m; sourceTree = "<group>"; };
		A4523C9717C7CCA60047A5E1 /* Corre por tu vida-Prefix.pch */ = {isa = PBXFileReference; lastKnownFileType = sourcecode.c.h; path = "Corre por tu vida-Prefix.pch"; sourceTree = "<group>"; };
		A4523C9817C7CCA60047A5E1 /* AppDelegate.h */ = {isa = PBXFileReference; lastKnownFileType = sourcecode.c.h; path = AppDelegate.h; sourceTree = "<group>"; };
		A4523C9917C7CCA60047A5E1 /* AppDelegate.m */ = {isa = PBXFileReference; lastKnownFileType = sourcecode.c.objc; path = AppDelegate.m; sourceTree = "<group>"; };
		A4523C9B17C7CCA60047A5E1 /* Default.png */ = {isa = PBXFileReference; lastKnownFileType = image.png; path = Default.png; sourceTree = "<group>"; };
		A4523C9D17C7CCA60047A5E1 /* Default@2x.png */ = {isa = PBXFileReference; lastKnownFileType = image.png; path = "Default@2x.png"; sourceTree = "<group>"; };
		A4523C9F17C7CCA60047A5E1 /* Default-568h@2x.png */ = {isa = PBXFileReference; lastKnownFileType = image.png; path = "Default-568h@2x.png"; sourceTree = "<group>"; };
		A4523CA217C7CCA60047A5E1 /* en */ = {isa = PBXFileReference; lastKnownFileType = file.storyboard; name = en; path = en.lproj/MainStoryboard.storyboard; sourceTree = "<group>"; };
		A4523CA417C7CCA60047A5E1 /* ViewController.h */ = {isa = PBXFileReference; lastKnownFileType = sourcecode.c.h; path = ViewController.h; sourceTree = "<group>"; };
		A4523CA517C7CCA60047A5E1 /* ViewController.m */ = {isa = PBXFileReference; lastKnownFileType = sourcecode.c.objc; path = ViewController.m; sourceTree = "<group>"; };
		A4523CAC17C7CCA60047A5E1 /* Corre por tu vidaTests.octest */ = {isa = PBXFileReference; explicitFileType = wrapper.cfbundle; includeInIndex = 0; path = "Corre por tu vidaTests.octest"; sourceTree = BUILT_PRODUCTS_DIR; };
		A4523CAD17C7CCA60047A5E1 /* SenTestingKit.framework */ = {isa = PBXFileReference; lastKnownFileType = wrapper.framework; name = SenTestingKit.framework; path = Library/Frameworks/SenTestingKit.framework; sourceTree = DEVELOPER_DIR; };
		A4B6A0C017D3C83F00C8E43B /* GoogleMaps.framework */ = {isa = PBXFileReference; lastKnownFileType = wrapper.framework; path = GoogleMaps.framework; sourceTree = "<group>"; };
		A4B6A0C217D3C8C500C8E43B /* GoogleMaps.bundle */ = {isa = PBXFileReference; lastKnownFileType = "wrapper.plug-in"; name = GoogleMaps.bundle; path = GoogleMaps.framework/Versions/A/Resources/GoogleMaps.bundle; sourceTree = "<group>"; };
		A4B6A0C417D3C90600C8E43B /* AVFoundation.framework */ = {isa = PBXFileReference; lastKnownFileType = wrapper.framework; name = AVFoundation.framework; path = System/Library/Frameworks/AVFoundation.framework; sourceTree = SDKROOT; };
		A4B6A0C617D3C90F00C8E43B /* CoreData.framework */ = {isa = PBXFileReference; lastKnownFileType = wrapper.framework; name = CoreData.framework; path = System/Library/Frameworks/CoreData.framework; sourceTree = SDKROOT; };
		A4B6A0C817D3C91A00C8E43B /* CoreLocation.framework */ = {isa = PBXFileReference; lastKnownFileType = wrapper.framework; name = CoreLocation.framework; path = System/Library/Frameworks/CoreLocation.framework; sourceTree = SDKROOT; };
		A4B6A0CA17D3C92200C8E43B /* CoreText.framework */ = {isa = PBXFileReference; lastKnownFileType = wrapper.framework; name = CoreText.framework; path = System/Library/Frameworks/CoreText.framework; sourceTree = SDKROOT; };
		A4B6A0CC17D3C92C00C8E43B /* GLKit.framework */ = {isa = PBXFileReference; lastKnownFileType = wrapper.framework; name = GLKit.framework; path = System/Library/Frameworks/GLKit.framework; sourceTree = SDKROOT; };
		A4B6A0CE17D3C93600C8E43B /* ImageIO.framework */ = {isa = PBXFileReference; lastKnownFileType = wrapper.framework; name = ImageIO.framework; path = System/Library/Frameworks/ImageIO.framework; sourceTree = SDKROOT; };
		A4B6A0D017D3C94500C8E43B /* libc++.dylib */ = {isa = PBXFileReference; lastKnownFileType = "compiled.mach-o.dylib"; name = "libc++.dylib"; path = "usr/lib/libc++.dylib"; sourceTree = SDKROOT; };
		A4B6A0D217D3C95300C8E43B /* libicucore.dylib */ = {isa = PBXFileReference; lastKnownFileType = "compiled.mach-o.dylib"; name = libicucore.dylib; path = usr/lib/libicucore.dylib; sourceTree = SDKROOT; };
		A4B6A0D417D3C95E00C8E43B /* libz.dylib */ = {isa = PBXFileReference; lastKnownFileType = "compiled.mach-o.dylib"; name = libz.dylib; path = usr/lib/libz.dylib; sourceTree = SDKROOT; };
		A4B6A0D617D3C96600C8E43B /* OpenGLES.framework */ = {isa = PBXFileReference; lastKnownFileType = wrapper.framework; name = OpenGLES.framework; path = System/Library/Frameworks/OpenGLES.framework; sourceTree = SDKROOT; };
		A4B6A0D817D3C97000C8E43B /* QuartzCore.framework */ = {isa = PBXFileReference; lastKnownFileType = wrapper.framework; name = QuartzCore.framework; path = System/Library/Frameworks/QuartzCore.framework; sourceTree = SDKROOT; };
		A4B6A0DA17D3C97A00C8E43B /* SystemConfiguration.framework */ = {isa = PBXFileReference; lastKnownFileType = wrapper.framework; name = SystemConfiguration.framework; path = System/Library/Frameworks/SystemConfiguration.framework; sourceTree = SDKROOT; };
		A4C24F6B17F240C400383993 /* Plan.h */ = {isa = PBXFileReference; fileEncoding = 4; lastKnownFileType = sourcecode.c.h; name = Plan.h; path = model/Plan.h; sourceTree = "<group>"; };
		A4C24F6C17F240C400383993 /* Plan.m */ = {isa = PBXFileReference; fileEncoding = 4; lastKnownFileType = sourcecode.c.objc; name = Plan.m; path = model/Plan.m; sourceTree = "<group>"; };
		A4C24F6E17F2417B00383993 /* Planner.h */ = {isa = PBXFileReference; lastKnownFileType = sourcecode.c.h; name = Planner.h; path = model/Planner.h; sourceTree = "<group>"; };
		A4C24F6F17F242A200383993 /* GoalPlan.h */ = {isa = PBXFileReference; fileEncoding = 4; lastKnownFileType = sourcecode.c.h; name = GoalPlan.h; path = model/GoalPlan.h; sourceTree = "<group>"; };
		A4C24F7017F242A200383993 /* GoalPlan.m */ = {isa = PBXFileReference; fileEncoding = 4; lastKnownFileType = sourcecode.c.objc; name = GoalPlan.m; path = model/GoalPlan.m; sourceTree = "<group>"; };
		A4C24F7517F2475200383993 /* Person.h */ = {isa = PBXFileReference; fileEncoding = 4; lastKnownFileType = sourcecode.c.h; name = Person.h; path = model/Person.h; sourceTree = "<group>"; };
		A4C24F7617F2475200383993 /* Person.m */ = {isa = PBXFileReference; fileEncoding = 4; lastKnownFileType = sourcecode.c.objc; name = Person.m; path = model/Person.m; sourceTree = "<group>"; };
		A4C24F7817F2478200383993 /* GoalBasedPlanner.h */ = {isa = PBXFileReference; fileEncoding = 4; lastKnownFileType = sourcecode.c.h; name = GoalBasedPlanner.h; path = model/GoalBasedPlanner.h; sourceTree = "<group>"; };
		A4C24F7917F2478300383993 /* GoalBasedPlanner.m */ = {isa = PBXFileReference; fileEncoding = 4; lastKnownFileType = sourcecode.c.objc; name = GoalBasedPlanner.m; path = model/GoalBasedPlanner.m; sourceTree = "<group>"; };
		A4C24F7B17F249A500383993 /* TrainingPhase.h */ = {isa = PBXFileReference; fileEncoding = 4; lastKnownFileType = sourcecode.c.h; name = TrainingPhase.h; path = model/TrainingPhase.h; sourceTree = "<group>"; };
		A4C24F7C17F249A500383993 /* TrainingPhase.m */ = {isa = PBXFileReference; fileEncoding = 4; lastKnownFileType = sourcecode.c.objc; name = TrainingPhase.m; path = model/TrainingPhase.m; sourceTree = "<group>"; };
		A4C24F8117F24BB300383993 /* SpeedInterval.h */ = {isa = PBXFileReference; fileEncoding = 4; lastKnownFileType = sourcecode.c.h; name = SpeedInterval.h; path = model/SpeedInterval.h; sourceTree = "<group>"; };
		A4C24F8217F24BB300383993 /* SpeedInterval.m */ = {isa = PBXFileReference; fileEncoding = 4; lastKnownFileType = sourcecode.c.objc; name = SpeedInterval.m; path = model/SpeedInterval.m; sourceTree = "<group>"; };
		A4C24F8417F24E8100383993 /* Training.h */ = {isa = PBXFileReference; fileEncoding = 4; lastKnownFileType = sourcecode.c.h; name = Training.h; path = model/Training.h; sourceTree = "<group>"; };
		A4C24F8517F24E8100383993 /* Training.m */ = {isa = PBXFileReference; fileEncoding = 4; lastKnownFileType = sourcecode.c.objc; name = Training.m; path = model/Training.m; sourceTree = "<group>"; };
		A4C24F8717F2508B00383993 /* TrainingIterator.h */ = {isa = PBXFileReference; fileEncoding = 4; lastKnownFileType = sourcecode.c.h; name = TrainingIterator.h; path = model/TrainingIterator.h; sourceTree = "<group>"; };
		A4C24F8817F2508B00383993 /* TrainingIterator.m */ = {isa = PBXFileReference; fileEncoding = 4; lastKnownFileType = sourcecode.c.objc; name = TrainingIterator.m; path = model/TrainingIterator.m; sourceTree = "<group>"; };
		A4DC6EE3180098A8003D7848 /* PersonProfile.h */ = {isa = PBXFileReference; fileEncoding = 4; lastKnownFileType = sourcecode.c.h; name = PersonProfile.h; path = model/PersonProfile.h; sourceTree = "<group>"; };
		A4DC6EE4180098A9003D7848 /* PersonProfile.m */ = {isa = PBXFileReference; fileEncoding = 4; lastKnownFileType = sourcecode.c.objc; name = PersonProfile.m; path = model/PersonProfile.m; sourceTree = "<group>"; };
		A4DC6EE618009E0A003D7848 /* PersonDescription.h */ = {isa = PBXFileReference; fileEncoding = 4; lastKnownFileType = sourcecode.c.h; name = PersonDescription.h; path = model/PersonDescription.h; sourceTree = "<group>"; };
		A4DC6EE718009E0A003D7848 /* PersonDescription.m */ = {isa = PBXFileReference; fileEncoding = 4; lastKnownFileType = sourcecode.c.objc; name = PersonDescription.m; path = model/PersonDescription.m; sourceTree = "<group>"; };
		A4DC6EE91800B1CE003D7848 /* PhaseDetailViewController.h */ = {isa = PBXFileReference; fileEncoding = 4; lastKnownFileType = sourcecode.c.h; path = PhaseDetailViewController.h; sourceTree = "<group>"; };
		A4DC6EEA1800B1CE003D7848 /* PhaseDetailViewController.m */ = {isa = PBXFileReference; fileEncoding = 4; lastKnownFileType = sourcecode.c.objc; path = PhaseDetailViewController.m; sourceTree = "<group>"; };
		A4DC6EEC1800BB8D003D7848 /* StateService.h */ = {isa = PBXFileReference; fileEncoding = 4; lastKnownFileType = sourcecode.c.h; name = StateService.h; path = model/StateService.h; sourceTree = "<group>"; };
		A4DC6EED1800BB8D003D7848 /* StateService.m */ = {isa = PBXFileReference; fileEncoding = 4; lastKnownFileType = sourcecode.c.objc; name = StateService.m; path = model/StateService.m; sourceTree = "<group>"; };
		A4DC6EEF1800BC52003D7848 /* Speedometer.h */ = {isa = PBXFileReference; fileEncoding = 4; lastKnownFileType = sourcecode.c.h; name = Speedometer.h; path = model/Speedometer.h; sourceTree = "<group>"; };
		A4DC6EF01800BC53003D7848 /* Speedometer.m */ = {isa = PBXFileReference; fileEncoding = 4; lastKnownFileType = sourcecode.c.objc; name = Speedometer.m; path = model/Speedometer.m; sourceTree = "<group>"; };
		A4DC6EF21800BDDA003D7848 /* ConfiguratorMock.h */ = {isa = PBXFileReference; fileEncoding = 4; lastKnownFileType = sourcecode.c.h; name = ConfiguratorMock.h; path = model/ConfiguratorMock.h; sourceTree = "<group>"; };
		A4DC6EF31800BDDB003D7848 /* ConfiguratorMock.m */ = {isa = PBXFileReference; fileEncoding = 4; lastKnownFileType = sourcecode.c.objc; name = ConfiguratorMock.m; path = model/ConfiguratorMock.m; sourceTree = "<group>"; };
		A4E200611801ED4800E44EDD /* LocationManager.h */ = {isa = PBXFileReference; fileEncoding = 4; lastKnownFileType = sourcecode.c.h; name = LocationManager.h; path = model/LocationManager.h; sourceTree = "<group>"; };
		A4E200621801ED4800E44EDD /* LocationManager.m */ = {isa = PBXFileReference; fileEncoding = 4; lastKnownFileType = sourcecode.c.objc; name = LocationManager.m; path = model/LocationManager.m; sourceTree = "<group>"; };
		A4E200641801F6E100E44EDD /* FollowUp.h */ = {isa = PBXFileReference; fileEncoding = 4; lastKnownFileType = sourcecode.c.h; name = FollowUp.h; path = model/FollowUp.h; sourceTree = "<group>"; };
		A4E200651801F6E100E44EDD /* FollowUp.m */ = {isa = PBXFileReference; fileEncoding = 4; lastKnownFileType = sourcecode.c.objc; name = FollowUp.m; path = model/FollowUp.m; sourceTree = "<group>"; };
		A4E200671801F84F00E44EDD /* State.h */ = {isa = PBXFileReference; fileEncoding = 4; lastKnownFileType = sourcecode.c.h; name = State.h; path = model/State.h; sourceTree = "<group>"; };
		A4E200681801F85000E44EDD /* State.m */ = {isa = PBXFileReference; fileEncoding = 4; lastKnownFileType = sourcecode.c.objc; name = State.m; path = model/State.m; sourceTree = "<group>"; };
		A4E2006A1801FB4A00E44EDD /* Timer.h */ = {isa = PBXFileReference; fileEncoding = 4; lastKnownFileType = sourcecode.c.h; name = Timer.h; path = model/Timer.h; sourceTree = "<group>"; };
		A4E2006B1801FB4A00E44EDD /* Timer.m */ = {isa = PBXFileReference; fileEncoding = 4; lastKnownFileType = sourcecode.c.objc; name = Timer.m; path = model/Timer.m; sourceTree = "<group>"; };
/* End PBXFileReference section */

/* Begin PBXFrameworksBuildPhase section */
		A4523C8317C7CCA50047A5E1 /* Frameworks */ = {
			isa = PBXFrameworksBuildPhase;
			buildActionMask = 2147483647;
			files = (
				A4B6A0DB17D3C97A00C8E43B /* SystemConfiguration.framework in Frameworks */,
				A4B6A0D917D3C97000C8E43B /* QuartzCore.framework in Frameworks */,
				A4B6A0D717D3C96600C8E43B /* OpenGLES.framework in Frameworks */,
				A4B6A0D517D3C95E00C8E43B /* libz.dylib in Frameworks */,
				A4B6A0D317D3C95300C8E43B /* libicucore.dylib in Frameworks */,
				A4B6A0D117D3C94500C8E43B /* libc++.dylib in Frameworks */,
				A4B6A0CF17D3C93600C8E43B /* ImageIO.framework in Frameworks */,
				A4B6A0CD17D3C92C00C8E43B /* GLKit.framework in Frameworks */,
				A4B6A0CB17D3C92200C8E43B /* CoreText.framework in Frameworks */,
				A4B6A0C917D3C91A00C8E43B /* CoreLocation.framework in Frameworks */,
				A4B6A0C717D3C90F00C8E43B /* CoreData.framework in Frameworks */,
				A4B6A0C517D3C90600C8E43B /* AVFoundation.framework in Frameworks */,
				A4523C8A17C7CCA50047A5E1 /* UIKit.framework in Frameworks */,
				A4523C8C17C7CCA50047A5E1 /* Foundation.framework in Frameworks */,
				A4523C8E17C7CCA50047A5E1 /* CoreGraphics.framework in Frameworks */,
				A4B6A0C117D3C83F00C8E43B /* GoogleMaps.framework in Frameworks */,
			);
			runOnlyForDeploymentPostprocessing = 0;
		};
		A4523CA817C7CCA60047A5E1 /* Frameworks */ = {
			isa = PBXFrameworksBuildPhase;
			buildActionMask = 2147483647;
			files = (
				A4523CAE17C7CCA60047A5E1 /* SenTestingKit.framework in Frameworks */,
				A4523CAF17C7CCA60047A5E1 /* UIKit.framework in Frameworks */,
				A4523CB017C7CCA60047A5E1 /* Foundation.framework in Frameworks */,
			);
			runOnlyForDeploymentPostprocessing = 0;
		};
/* End PBXFrameworksBuildPhase section */

/* Begin PBXGroup section */
		A4523C7D17C7CCA50047A5E1 = {
			isa = PBXGroup;
			children = (
				A4523C8F17C7CCA50047A5E1 /* Corre por tu vida */,
				A4523C8817C7CCA50047A5E1 /* Frameworks */,
				A4523C9017C7CCA50047A5E1 /* Supporting Files */,
				A4523C8717C7CCA50047A5E1 /* Products */,
			);
			sourceTree = "<group>";
		};
		A4523C8717C7CCA50047A5E1 /* Products */ = {
			isa = PBXGroup;
			children = (
				A4523C8617C7CCA50047A5E1 /* Corre por tu vida.app */,
				A4523CAC17C7CCA60047A5E1 /* Corre por tu vidaTests.octest */,
			);
			name = Products;
			sourceTree = "<group>";
		};
		A4523C8817C7CCA50047A5E1 /* Frameworks */ = {
			isa = PBXGroup;
			children = (
				A4B6A0DA17D3C97A00C8E43B /* SystemConfiguration.framework */,
				A4B6A0D817D3C97000C8E43B /* QuartzCore.framework */,
				A4B6A0D617D3C96600C8E43B /* OpenGLES.framework */,
				A4B6A0D417D3C95E00C8E43B /* libz.dylib */,
				A4B6A0D217D3C95300C8E43B /* libicucore.dylib */,
				A4B6A0D017D3C94500C8E43B /* libc++.dylib */,
				A4B6A0CE17D3C93600C8E43B /* ImageIO.framework */,
				A4B6A0CC17D3C92C00C8E43B /* GLKit.framework */,
				A4B6A0CA17D3C92200C8E43B /* CoreText.framework */,
				A4B6A0C817D3C91A00C8E43B /* CoreLocation.framework */,
				A4B6A0C617D3C90F00C8E43B /* CoreData.framework */,
				A4B6A0C417D3C90600C8E43B /* AVFoundation.framework */,
				A4B6A0C217D3C8C500C8E43B /* GoogleMaps.bundle */,
				A4B6A0C017D3C83F00C8E43B /* GoogleMaps.framework */,
				A4523C8917C7CCA50047A5E1 /* UIKit.framework */,
				A4523C8B17C7CCA50047A5E1 /* Foundation.framework */,
				A4523C8D17C7CCA50047A5E1 /* CoreGraphics.framework */,
				A4523CAD17C7CCA60047A5E1 /* SenTestingKit.framework */,
			);
			name = Frameworks;
			sourceTree = "<group>";
		};
		A4523C8F17C7CCA50047A5E1 /* Corre por tu vida */ = {
			isa = PBXGroup;
			children = (
				A4523CA117C7CCA60047A5E1 /* MainStoryboard.storyboard */,
				A4C24F6717F23FD400383993 /* controller */,
				A4C24F6617F23FC600383993 /* model */,
				A4523C9817C7CCA60047A5E1 /* AppDelegate.h */,
				A4523C9917C7CCA60047A5E1 /* AppDelegate.m */,
			);
			path = "Corre por tu vida";
			sourceTree = "<group>";
		};
		A4523C9017C7CCA50047A5E1 /* Supporting Files */ = {
			isa = PBXGroup;
			children = (
				A4523C9117C7CCA50047A5E1 /* Corre por tu vida-Info.plist */,
				A4523C9217C7CCA50047A5E1 /* InfoPlist.strings */,
				A4523C9517C7CCA50047A5E1 /* main.m */,
				A4523C9717C7CCA60047A5E1 /* Corre por tu vida-Prefix.pch */,
				A4523C9B17C7CCA60047A5E1 /* Default.png */,
				A4523C9D17C7CCA60047A5E1 /* Default@2x.png */,
				A4523C9F17C7CCA60047A5E1 /* Default-568h@2x.png */,
			);
			name = "Supporting Files";
			path = "Corre por tu vida";
			sourceTree = "<group>";
		};
		A4C24F6617F23FC600383993 /* model */ = {
			isa = PBXGroup;
			children = (
				A4C24F6E17F2417B00383993 /* Planner.h */,
				A4C24F8417F24E8100383993 /* Training.h */,
				A4C24F8517F24E8100383993 /* Training.m */,
				A4C24F8717F2508B00383993 /* TrainingIterator.h */,
				A4C24F8817F2508B00383993 /* TrainingIterator.m */,
				A4C24F8117F24BB300383993 /* SpeedInterval.h */,
				A4C24F8217F24BB300383993 /* SpeedInterval.m */,
				A4C24F7817F2478200383993 /* GoalBasedPlanner.h */,
				A4C24F7917F2478300383993 /* GoalBasedPlanner.m */,
				A4C24F7B17F249A500383993 /* TrainingPhase.h */,
				A4C24F7C17F249A500383993 /* TrainingPhase.m */,
				A4C24F6B17F240C400383993 /* Plan.h */,
				A4C24F6C17F240C400383993 /* Plan.m */,
				A4C24F7517F2475200383993 /* Person.h */,
				A4C24F7617F2475200383993 /* Person.m */,
				A4C24F6F17F242A200383993 /* GoalPlan.h */,
				A4C24F7017F242A200383993 /* GoalPlan.m */,
				A4DC6EE3180098A8003D7848 /* PersonProfile.h */,
				A4DC6EE4180098A9003D7848 /* PersonProfile.m */,
				A4DC6EE618009E0A003D7848 /* PersonDescription.h */,
				A4DC6EE718009E0A003D7848 /* PersonDescription.m */,
				A4DC6EEC1800BB8D003D7848 /* StateService.h */,
				A4DC6EED1800BB8D003D7848 /* StateService.m */,
				A4DC6EEF1800BC52003D7848 /* Speedometer.h */,
				A4DC6EF01800BC53003D7848 /* Speedometer.m */,
				A4DC6EF21800BDDA003D7848 /* ConfiguratorMock.h */,
				A4DC6EF31800BDDB003D7848 /* ConfiguratorMock.m */,
				A4E200611801ED4800E44EDD /* LocationManager.h */,
				A4E200621801ED4800E44EDD /* LocationManager.m */,
				A4E200641801F6E100E44EDD /* FollowUp.h */,
				A4E200651801F6E100E44EDD /* FollowUp.m */,
				A4E200671801F84F00E44EDD /* State.h */,
				A4E200681801F85000E44EDD /* State.m */,
				A4E2006A1801FB4A00E44EDD /* Timer.h */,
				A4E2006B1801FB4A00E44EDD /* Timer.m */,
			);
			name = model;
			sourceTree = "<group>";
		};
		A4C24F6717F23FD400383993 /* controller */ = {
			isa = PBXGroup;
			children = (
				A4523CA417C7CCA60047A5E1 /* ViewController.h */,
				A4523CA517C7CCA60047A5E1 /* ViewController.m */,
				A400CA1F17F0D967001E0742 /* EntryViewController.h */,
				A400CA2017F0D967001E0742 /* EntryViewController.m */,
				A400CA2217F0DCD2001E0742 /* PlanListViewController.h */,
				A400CA2317F0DCD2001E0742 /* PlanListViewController.m */,
				A400CA2517F0DFC8001E0742 /* TrainingListViewController.h */,
				A400CA2617F0DFC8001E0742 /* TrainingListViewController.m */,
				A400CA2817F0E13B001E0742 /* ProfileViewController.h */,
				A400CA2917F0E13B001E0742 /* ProfileViewController.m */,
				A400CA2B17F0E1D6001E0742 /* PhaseListViewController.h */,
				A400CA2C17F0E1D6001E0742 /* PhaseListViewController.m */,
				A4DC6EE91800B1CE003D7848 /* PhaseDetailViewController.h */,
				A4DC6EEA1800B1CE003D7848 /* PhaseDetailViewController.m */,
			);
			name = controller;
			sourceTree = "<group>";
		};
/* End PBXGroup section */

/* Begin PBXNativeTarget section */
		A4523C8517C7CCA50047A5E1 /* Corre por tu vida */ = {
			isa = PBXNativeTarget;
			buildConfigurationList = A4523CBE17C7CCA60047A5E1 /* Build configuration list for PBXNativeTarget "Corre por tu vida" */;
			buildPhases = (
				A4523C8217C7CCA50047A5E1 /* Sources */,
				A4523C8317C7CCA50047A5E1 /* Frameworks */,
				A4523C8417C7CCA50047A5E1 /* Resources */,
			);
			buildRules = (
			);
			dependencies = (
			);
			name = "Corre por tu vida";
			productName = "Corre por tu vida";
			productReference = A4523C8617C7CCA50047A5E1 /* Corre por tu vida.app */;
			productType = "com.apple.product-type.application";
		};
		A4523CAB17C7CCA60047A5E1 /* Corre por tu vidaTests */ = {
			isa = PBXNativeTarget;
			buildConfigurationList = A4523CC117C7CCA60047A5E1 /* Build configuration list for PBXNativeTarget "Corre por tu vidaTests" */;
			buildPhases = (
				A4523CA717C7CCA60047A5E1 /* Sources */,
				A4523CA817C7CCA60047A5E1 /* Frameworks */,
				A4523CA917C7CCA60047A5E1 /* Resources */,
				A4523CAA17C7CCA60047A5E1 /* ShellScript */,
			);
			buildRules = (
			);
			dependencies = (
				A4523CB217C7CCA60047A5E1 /* PBXTargetDependency */,
			);
			name = "Corre por tu vidaTests";
			productName = "Corre por tu vidaTests";
			productReference = A4523CAC17C7CCA60047A5E1 /* Corre por tu vidaTests.octest */;
			productType = "com.apple.product-type.bundle";
		};
/* End PBXNativeTarget section */

/* Begin PBXProject section */
		A4523C7E17C7CCA50047A5E1 /* Project object */ = {
			isa = PBXProject;
			attributes = {
				LastUpgradeCheck = 0460;
				ORGANIZATIONNAME = "Vanesa Stricker";
			};
			buildConfigurationList = A4523C8117C7CCA50047A5E1 /* Build configuration list for PBXProject "Corre por tu vida" */;
			compatibilityVersion = "Xcode 3.2";
			developmentRegion = English;
			hasScannedForEncodings = 0;
			knownRegions = (
				en,
			);
			mainGroup = A4523C7D17C7CCA50047A5E1;
			productRefGroup = A4523C8717C7CCA50047A5E1 /* Products */;
			projectDirPath = "";
			projectRoot = "";
			targets = (
				A4523C8517C7CCA50047A5E1 /* Corre por tu vida */,
				A4523CAB17C7CCA60047A5E1 /* Corre por tu vidaTests */,
			);
		};
/* End PBXProject section */

/* Begin PBXResourcesBuildPhase section */
		A4523C8417C7CCA50047A5E1 /* Resources */ = {
			isa = PBXResourcesBuildPhase;
			buildActionMask = 2147483647;
			files = (
				A4523C9417C7CCA50047A5E1 /* InfoPlist.strings in Resources */,
				A4523C9C17C7CCA60047A5E1 /* Default.png in Resources */,
				A4523C9E17C7CCA60047A5E1 /* Default@2x.png in Resources */,
				A4523CA017C7CCA60047A5E1 /* Default-568h@2x.png in Resources */,
				A4523CA317C7CCA60047A5E1 /* MainStoryboard.storyboard in Resources */,
				A4B6A0C317D3C8C500C8E43B /* GoogleMaps.bundle in Resources */,
			);
			runOnlyForDeploymentPostprocessing = 0;
		};
		A4523CA917C7CCA60047A5E1 /* Resources */ = {
			isa = PBXResourcesBuildPhase;
			buildActionMask = 2147483647;
			files = (
			);
			runOnlyForDeploymentPostprocessing = 0;
		};
/* End PBXResourcesBuildPhase section */

/* Begin PBXShellScriptBuildPhase section */
		A4523CAA17C7CCA60047A5E1 /* ShellScript */ = {
			isa = PBXShellScriptBuildPhase;
			buildActionMask = 2147483647;
			files = (
			);
			inputPaths = (
			);
			outputPaths = (
			);
			runOnlyForDeploymentPostprocessing = 0;
			shellPath = /bin/sh;
			shellScript = "# Run the unit tests in this test bundle.\n\"${SYSTEM_DEVELOPER_DIR}/Tools/RunUnitTests\"\n";
		};
/* End PBXShellScriptBuildPhase section */

/* Begin PBXSourcesBuildPhase section */
		A4523C8217C7CCA50047A5E1 /* Sources */ = {
			isa = PBXSourcesBuildPhase;
			buildActionMask = 2147483647;
			files = (
				A4523C9617C7CCA60047A5E1 /* main.m in Sources */,
				A4523C9A17C7CCA60047A5E1 /* AppDelegate.m in Sources */,
				A4523CA617C7CCA60047A5E1 /* ViewController.m in Sources */,
				A400CA2117F0D967001E0742 /* EntryViewController.m in Sources */,
				A400CA2417F0DCD2001E0742 /* PlanListViewController.m in Sources */,
				A400CA2717F0DFC8001E0742 /* TrainingListViewController.m in Sources */,
				A400CA2A17F0E13B001E0742 /* ProfileViewController.m in Sources */,
				A400CA2D17F0E1D7001E0742 /* PhaseListViewController.m in Sources */,
				A4C24F6D17F240C400383993 /* Plan.m in Sources */,
				A4C24F7117F242A200383993 /* GoalPlan.m in Sources */,
				A4C24F7717F2475200383993 /* Person.m in Sources */,
				A4C24F7A17F2478300383993 /* GoalBasedPlanner.m in Sources */,
				A4C24F7D17F249A500383993 /* TrainingPhase.m in Sources */,
				A4C24F8317F24BB300383993 /* SpeedInterval.m in Sources */,
				A4C24F8617F24E8200383993 /* Training.m in Sources */,
				A4C24F8917F2508B00383993 /* TrainingIterator.m in Sources */,
				A4DC6EE5180098A9003D7848 /* PersonProfile.m in Sources */,
				A4DC6EE818009E0B003D7848 /* PersonDescription.m in Sources */,
				A4DC6EEB1800B1CE003D7848 /* PhaseDetailViewController.m in Sources */,
				A4DC6EEE1800BB8E003D7848 /* StateService.m in Sources */,
				A4DC6EF11800BC54003D7848 /* Speedometer.m in Sources */,
				A4DC6EF41800BDDC003D7848 /* ConfiguratorMock.m in Sources */,
				A4E200631801ED4800E44EDD /* LocationManager.m in Sources */,
				A4E200661801F6E100E44EDD /* FollowUp.m in Sources */,
				A4E200691801F85000E44EDD /* State.m in Sources */,
				A4E2006C1801FB4A00E44EDD /* Timer.m in Sources */,
			);
			runOnlyForDeploymentPostprocessing = 0;
		};
		A4523CA717C7CCA60047A5E1 /* Sources */ = {
			isa = PBXSourcesBuildPhase;
			buildActionMask = 2147483647;
			files = (
			);
			runOnlyForDeploymentPostprocessing = 0;
		};
/* End PBXSourcesBuildPhase section */

/* Begin PBXTargetDependency section */
		A4523CB217C7CCA60047A5E1 /* PBXTargetDependency */ = {
			isa = PBXTargetDependency;
			target = A4523C8517C7CCA50047A5E1 /* Corre por tu vida */;
			targetProxy = A4523CB117C7CCA60047A5E1 /* PBXContainerItemProxy */;
		};
/* End PBXTargetDependency section */

/* Begin PBXVariantGroup section */
		A4523C9217C7CCA50047A5E1 /* InfoPlist.strings */ = {
			isa = PBXVariantGroup;
			children = (
				A4523C9317C7CCA50047A5E1 /* en */,
			);
			name = InfoPlist.strings;
			sourceTree = "<group>";
		};
		A4523CA117C7CCA60047A5E1 /* MainStoryboard.storyboard */ = {
			isa = PBXVariantGroup;
			children = (
				A4523CA217C7CCA60047A5E1 /* en */,
			);
			name = MainStoryboard.storyboard;
			sourceTree = "<group>";
		};
/* End PBXVariantGroup section */

/* Begin XCBuildConfiguration section */
		A4523CBC17C7CCA60047A5E1 /* Debug */ = {
			isa = XCBuildConfiguration;
			buildSettings = {
				ALWAYS_SEARCH_USER_PATHS = NO;
				CLANG_CXX_LANGUAGE_STANDARD = "gnu++0x";
				CLANG_CXX_LIBRARY = "libc++";
				CLANG_ENABLE_OBJC_ARC = YES;
				CLANG_WARN_CONSTANT_CONVERSION = YES;
				CLANG_WARN_EMPTY_BODY = YES;
				CLANG_WARN_ENUM_CONVERSION = YES;
				CLANG_WARN_INT_CONVERSION = YES;
				CLANG_WARN__DUPLICATE_METHOD_MATCH = YES;
				"CODE_SIGN_IDENTITY[sdk=iphoneos*]" = "iPhone Developer";
				COPY_PHASE_STRIP = NO;
				GCC_C_LANGUAGE_STANDARD = gnu99;
				GCC_DYNAMIC_NO_PIC = NO;
				GCC_OPTIMIZATION_LEVEL = 0;
				GCC_PREPROCESSOR_DEFINITIONS = (
					"DEBUG=1",
					"$(inherited)",
				);
				GCC_SYMBOLS_PRIVATE_EXTERN = NO;
				GCC_WARN_ABOUT_RETURN_TYPE = YES;
				GCC_WARN_UNINITIALIZED_AUTOS = YES;
				GCC_WARN_UNUSED_VARIABLE = YES;
				IPHONEOS_DEPLOYMENT_TARGET = 6.1;
				ONLY_ACTIVE_ARCH = YES;
				OTHER_LDFLAGS = "-ObjC";
				SDKROOT = iphoneos;
			};
			name = Debug;
		};
		A4523CBD17C7CCA60047A5E1 /* Release */ = {
			isa = XCBuildConfiguration;
			buildSettings = {
				ALWAYS_SEARCH_USER_PATHS = NO;
				CLANG_CXX_LANGUAGE_STANDARD = "gnu++0x";
				CLANG_CXX_LIBRARY = "libc++";
				CLANG_ENABLE_OBJC_ARC = YES;
				CLANG_WARN_CONSTANT_CONVERSION = YES;
				CLANG_WARN_EMPTY_BODY = YES;
				CLANG_WARN_ENUM_CONVERSION = YES;
				CLANG_WARN_INT_CONVERSION = YES;
				CLANG_WARN__DUPLICATE_METHOD_MATCH = YES;
				"CODE_SIGN_IDENTITY[sdk=iphoneos*]" = "iPhone Developer";
				COPY_PHASE_STRIP = YES;
				GCC_C_LANGUAGE_STANDARD = gnu99;
				GCC_WARN_ABOUT_RETURN_TYPE = YES;
				GCC_WARN_UNINITIALIZED_AUTOS = YES;
				GCC_WARN_UNUSED_VARIABLE = YES;
				IPHONEOS_DEPLOYMENT_TARGET = 6.1;
				OTHER_CFLAGS = "-DNS_BLOCK_ASSERTIONS=1";
				OTHER_LDFLAGS = "-ObjC";
				SDKROOT = iphoneos;
				VALIDATE_PRODUCT = YES;
			};
			name = Release;
		};
		A4523CBF17C7CCA60047A5E1 /* Debug */ = {
			isa = XCBuildConfiguration;
			buildSettings = {
				FRAMEWORK_SEARCH_PATHS = (
					"$(inherited)",
					"\"$(SRCROOT)\"",
				);
				GCC_PRECOMPILE_PREFIX_HEADER = YES;
				GCC_PREFIX_HEADER = "Corre por tu vida/Corre por tu vida-Prefix.pch";
				INFOPLIST_FILE = "Corre por tu vida/Corre por tu vida-Info.plist";
				PRODUCT_NAME = "$(TARGET_NAME)";
				VALID_ARCHS = armv7;
				WRAPPER_EXTENSION = app;
			};
			name = Debug;
		};
		A4523CC017C7CCA60047A5E1 /* Release */ = {
			isa = XCBuildConfiguration;
			buildSettings = {
				FRAMEWORK_SEARCH_PATHS = (
					"$(inherited)",
					"\"$(SRCROOT)\"",
				);
				GCC_PRECOMPILE_PREFIX_HEADER = YES;
				GCC_PREFIX_HEADER = "Corre por tu vida/Corre por tu vida-Prefix.pch";
				INFOPLIST_FILE = "Corre por tu vida/Corre por tu vida-Info.plist";
				PRODUCT_NAME = "$(TARGET_NAME)";
				VALID_ARCHS = armv7;
				WRAPPER_EXTENSION = app;
			};
			name = Release;
		};
		A4523CC217C7CCA60047A5E1 /* Debug */ = {
			isa = XCBuildConfiguration;
			buildSettings = {
				BUNDLE_LOADER = "$(BUILT_PRODUCTS_DIR)/Corre por tu vida.app/Corre por tu vida";
				FRAMEWORK_SEARCH_PATHS = (
					"\"$(SDKROOT)/Developer/Library/Frameworks\"",
					"\"$(DEVELOPER_LIBRARY_DIR)/Frameworks\"",
				);
				GCC_PRECOMPILE_PREFIX_HEADER = YES;
				GCC_PREFIX_HEADER = "Corre por tu vida/Corre por tu vida-Prefix.pch";
				INFOPLIST_FILE = "Corre por tu vidaTests/Corre por tu vidaTests-Info.plist";
				PRODUCT_NAME = "$(TARGET_NAME)";
				TEST_HOST = "$(BUNDLE_LOADER)";
				WRAPPER_EXTENSION = octest;
			};
			name = Debug;
		};
		A4523CC317C7CCA60047A5E1 /* Release */ = {
			isa = XCBuildConfiguration;
			buildSettings = {
				BUNDLE_LOADER = "$(BUILT_PRODUCTS_DIR)/Corre por tu vida.app/Corre por tu vida";
				FRAMEWORK_SEARCH_PATHS = (
					"\"$(SDKROOT)/Developer/Library/Frameworks\"",
					"\"$(DEVELOPER_LIBRARY_DIR)/Frameworks\"",
				);
				GCC_PRECOMPILE_PREFIX_HEADER = YES;
				GCC_PREFIX_HEADER = "Corre por tu vida/Corre por tu vida-Prefix.pch";
				INFOPLIST_FILE = "Corre por tu vidaTests/Corre por tu vidaTests-Info.plist";
				PRODUCT_NAME = "$(TARGET_NAME)";
				TEST_HOST = "$(BUNDLE_LOADER)";
				WRAPPER_EXTENSION = octest;
			};
			name = Release;
		};
/* End XCBuildConfiguration section */

/* Begin XCConfigurationList section */
		A4523C8117C7CCA50047A5E1 /* Build configuration list for PBXProject "Corre por tu vida" */ = {
			isa = XCConfigurationList;
			buildConfigurations = (
				A4523CBC17C7CCA60047A5E1 /* Debug */,
				A4523CBD17C7CCA60047A5E1 /* Release */,
			);
			defaultConfigurationIsVisible = 0;
			defaultConfigurationName = Release;
		};
		A4523CBE17C7CCA60047A5E1 /* Build configuration list for PBXNativeTarget "Corre por tu vida" */ = {
			isa = XCConfigurationList;
			buildConfigurations = (
				A4523CBF17C7CCA60047A5E1 /* Debug */,
				A4523CC017C7CCA60047A5E1 /* Release */,
			);
			defaultConfigurationIsVisible = 0;
			defaultConfigurationName = Release;
		};
		A4523CC117C7CCA60047A5E1 /* Build configuration list for PBXNativeTarget "Corre por tu vidaTests" */ = {
			isa = XCConfigurationList;
			buildConfigurations = (
				A4523CC217C7CCA60047A5E1 /* Debug */,
				A4523CC317C7CCA60047A5E1 /* Release */,
			);
			defaultConfigurationIsVisible = 0;
			defaultConfigurationName = Release;
		};
/* End XCConfigurationList section */
	};
	rootObject = A4523C7E17C7CCA50047A5E1 /* Project object */;
}
